
Microsoft Visual Studio Solution File, Format Version 12.00
# Visual Studio 2012
Project("{FAE04EC0-301F-11D3-BF4B-00C04F79EFBC}") = "ConsoleNinjects", "ConsoleNinjects\ConsoleNinjects.csproj", "{7362E23C-2DD1-4BB4-915A-183421EA5987}"
EndProject
Project("{FAE04EC0-301F-11D3-BF4B-00C04F79EFBC}") = "ConsoleApplication1", "ConsoleApplication1\ConsoleApplication1.csproj", "{071FF585-8163-4651-93E7-FB889584E963}"
EndProject
Global
	GlobalSection(SolutionConfigurationPlatforms) = preSolution
		Debug|Any CPU = Debug|Any CPU
		Release|Any CPU = Release|Any CPU
	EndGlobalSection
	GlobalSection(ProjectConfigurationPlatforms) = postSolution
		{7362E23C-2DD1-4BB4-915A-183421EA5987}.Debug|Any CPU.ActiveCfg = Debug|Any CPU
		{7362E23C-2DD1-4BB4-915A-183421EA5987}.Debug|Any CPU.Build.0 = Debug|Any CPU
		{7362E23C-2DD1-4BB4-915A-183421EA5987}.Release|Any CPU.ActiveCfg = Release|Any CPU
		{7362E23C-2DD1-4BB4-915A-183421EA5987}.Release|Any CPU.Build.0 = Release|Any CPU
		{071FF585-8163-4651-93E7-FB889584E963}.Debug|Any CPU.ActiveCfg = Debug|Any CPU
		{071FF585-8163-4651-93E7-FB889584E963}.Debug|Any CPU.Build.0 = Debug|Any CPU
		{071FF585-8163-4651-93E7-FB889584E963}.Release|Any CPU.ActiveCfg = Release|Any CPU
		{071FF585-8163-4651-93E7-FB889584E963}.Release|Any CPU.Build.0 = Release|Any CPU
	EndGlobalSection
	GlobalSection(SolutionProperties) = preSolution
		HideSolutionNode = FALSE
	EndGlobalSection
EndGlobal
